// !$*UTF8*$!
{
	archiveVersion = 1;
	classes = {
	};
	objectVersion = 56;
	objects = {

/* Begin PBXBuildFile section */
		94CE94262BB2C87B00E3881B /* AppDelegate.swift in Sources */ = {isa = PBXBuildFile; fileRef = 94CE94252BB2C87B00E3881B /* AppDelegate.swift */; };
		94CE94282BB2C87B00E3881B /* SceneDelegate.swift in Sources */ = {isa = PBXBuildFile; fileRef = 94CE94272BB2C87B00E3881B /* SceneDelegate.swift */; };
		94CE942A2BB2C87B00E3881B /* HomeViewController.swift in Sources */ = {isa = PBXBuildFile; fileRef = 94CE94292BB2C87B00E3881B /* HomeViewController.swift */; };
		94CE942D2BB2C87B00E3881B /* HomeView.storyboard in Resources */ = {isa = PBXBuildFile; fileRef = 94CE942B2BB2C87B00E3881B /* HomeView.storyboard */; };
		94CE942F2BB2C87D00E3881B /* Assets.xcassets in Resources */ = {isa = PBXBuildFile; fileRef = 94CE942E2BB2C87D00E3881B /* Assets.xcassets */; };
		94CE94322BB2C87D00E3881B /* LaunchScreen.storyboard in Resources */ = {isa = PBXBuildFile; fileRef = 94CE94302BB2C87D00E3881B /* LaunchScreen.storyboard */; };
/* End PBXBuildFile section */

/* Begin PBXFileReference section */
		94CE94222BB2C87B00E3881B /* ReactiveSwiftPractice.app */ = {isa = PBXFileReference; explicitFileType = wrapper.application; includeInIndex = 0; path = ReactiveSwiftPractice.app; sourceTree = BUILT_PRODUCTS_DIR; };
		94CE94252BB2C87B00E3881B /* AppDelegate.swift */ = {isa = PBXFileReference; lastKnownFileType = sourcecode.swift; path = AppDelegate.swift; sourceTree = "<group>"; };
		94CE94272BB2C87B00E3881B /* SceneDelegate.swift */ = {isa = PBXFileReference; lastKnownFileType = sourcecode.swift; path = SceneDelegate.swift; sourceTree = "<group>"; };
		94CE94292BB2C87B00E3881B /* HomeViewController.swift */ = {isa = PBXFileReference; lastKnownFileType = sourcecode.swift; path = HomeViewController.swift; sourceTree = "<group>"; };
		94CE942C2BB2C87B00E3881B /* Base */ = {isa = PBXFileReference; lastKnownFileType = file.storyboard; name = Base; path = Base.lproj/HomeView.storyboard; sourceTree = "<group>"; };
		94CE942E2BB2C87D00E3881B /* Assets.xcassets */ = {isa = PBXFileReference; lastKnownFileType = folder.assetcatalog; path = Assets.xcassets; sourceTree = "<group>"; };
		94CE94312BB2C87D00E3881B /* Base */ = {isa = PBXFileReference; lastKnownFileType = file.storyboard; name = Base; path = Base.lproj/LaunchScreen.storyboard; sourceTree = "<group>"; };
		94CE94332BB2C87D00E3881B /* Info.plist */ = {isa = PBXFileReference; lastKnownFileType = text.plist.xml; path = Info.plist; sourceTree = "<group>"; };
/* End PBXFileReference section */

/* Begin PBXFrameworksBuildPhase section */
		94CE941F2BB2C87B00E3881B /* Frameworks */ = {
			isa = PBXFrameworksBuildPhase;
			buildActionMask = 2147483647;
			files = (
			);
			runOnlyForDeploymentPostprocessing = 0;
		};
/* End PBXFrameworksBuildPhase section */

/* Begin PBXGroup section */
		94CE94192BB2C87B00E3881B = {
			isa = PBXGroup;
			children = (
				94CE94242BB2C87B00E3881B /* ReactiveSwiftPractice */,
				94CE94232BB2C87B00E3881B /* Products */,
			);
			sourceTree = "<group>";
		};
		94CE94232BB2C87B00E3881B /* Products */ = {
			isa = PBXGroup;
			children = (
				94CE94222BB2C87B00E3881B /* ReactiveSwiftPractice.app */,
			);
			name = Products;
			sourceTree = "<group>";
		};
		94CE94242BB2C87B00E3881B /* ReactiveSwiftPractice */ = {
			isa = PBXGroup;
			children = (
				94CE94332BB2C87D00E3881B /* Info.plist */,
				94CE94392BB2C8F300E3881B /* Resources */,
				94CE943A2BB2C8FC00E3881B /* Sources */,
			);
			path = ReactiveSwiftPractice;
			sourceTree = "<group>";
		};
		94CE94392BB2C8F300E3881B /* Resources */ = {
			isa = PBXGroup;
			children = (
				94CE942E2BB2C87D00E3881B /* Assets.xcassets */,
			);
			path = Resources;
			sourceTree = "<group>";
		};
		94CE943A2BB2C8FC00E3881B /* Sources */ = {
			isa = PBXGroup;
			children = (
				94CE943B2BB2C98700E3881B /* Apps */,
				94CE943F2BB2C9A700E3881B /* Storyboards */,
				94CE943E2BB2C99F00E3881B /* Views */,
				94CE943D2BB2C99A00E3881B /* Models */,
				94CE943C2BB2C99500E3881B /* Controllers */,
			);
			path = Sources;
			sourceTree = "<group>";
		};
		94CE943B2BB2C98700E3881B /* Apps */ = {
			isa = PBXGroup;
			children = (
				94CE94252BB2C87B00E3881B /* AppDelegate.swift */,
				94CE94272BB2C87B00E3881B /* SceneDelegate.swift */,
			);
			path = Apps;
			sourceTree = "<group>";
		};
		94CE943C2BB2C99500E3881B /* Controllers */ = {
			isa = PBXGroup;
			children = (
				94CE94292BB2C87B00E3881B /* HomeViewController.swift */,
			);
			path = Controllers;
			sourceTree = "<group>";
		};
		94CE943D2BB2C99A00E3881B /* Models */ = {
			isa = PBXGroup;
			children = (
			);
			path = Models;
			sourceTree = "<group>";
		};
		94CE943E2BB2C99F00E3881B /* Views */ = {
			isa = PBXGroup;
			children = (
			);
			path = Views;
			sourceTree = "<group>";
		};
		94CE943F2BB2C9A700E3881B /* Storyboards */ = {
			isa = PBXGroup;
			children = (
				94CE94302BB2C87D00E3881B /* LaunchScreen.storyboard */,
				94CE942B2BB2C87B00E3881B /* HomeView.storyboard */,
			);
			path = Storyboards;
			sourceTree = "<group>";
		};
/* End PBXGroup section */

/* Begin PBXNativeTarget section */
		94CE94212BB2C87B00E3881B /* ReactiveSwiftPractice */ = {
			isa = PBXNativeTarget;
			buildConfigurationList = 94CE94362BB2C87D00E3881B /* Build configuration list for PBXNativeTarget "ReactiveSwiftPractice" */;
			buildPhases = (
				94CE941E2BB2C87B00E3881B /* Sources */,
				94CE941F2BB2C87B00E3881B /* Frameworks */,
				94CE94202BB2C87B00E3881B /* Resources */,
			);
			buildRules = (
			);
			dependencies = (
			);
			name = ReactiveSwiftPractice;
			productName = ReactiveSwiftPractice;
			productReference = 94CE94222BB2C87B00E3881B /* ReactiveSwiftPractice.app */;
			productType = "com.apple.product-type.application";
		};
/* End PBXNativeTarget section */

/* Begin PBXProject section */
		94CE941A2BB2C87B00E3881B /* Project object */ = {
			isa = PBXProject;
			attributes = {
				BuildIndependentTargetsInParallel = 1;
				LastSwiftUpdateCheck = 1520;
				LastUpgradeCheck = 1520;
				TargetAttributes = {
					94CE94212BB2C87B00E3881B = {
						CreatedOnToolsVersion = 15.2;
					};
				};
			};
			buildConfigurationList = 94CE941D2BB2C87B00E3881B /* Build configuration list for PBXProject "ReactiveSwiftPractice" */;
			compatibilityVersion = "Xcode 14.0";
			developmentRegion = en;
			hasScannedForEncodings = 0;
			knownRegions = (
				en,
				Base,
			);
			mainGroup = 94CE94192BB2C87B00E3881B;
			productRefGroup = 94CE94232BB2C87B00E3881B /* Products */;
			projectDirPath = "";
			projectRoot = "";
			targets = (
				94CE94212BB2C87B00E3881B /* ReactiveSwiftPractice */,
			);
		};
/* End PBXProject section */

/* Begin PBXResourcesBuildPhase section */
		94CE94202BB2C87B00E3881B /* Resources */ = {
			isa = PBXResourcesBuildPhase;
			buildActionMask = 2147483647;
			files = (
				94CE94322BB2C87D00E3881B /* LaunchScreen.storyboard in Resources */,
				94CE942F2BB2C87D00E3881B /* Assets.xcassets in Resources */,
				94CE942D2BB2C87B00E3881B /* HomeView.storyboard in Resources */,
			);
			runOnlyForDeploymentPostprocessing = 0;
		};
/* End PBXResourcesBuildPhase section */

/* Begin PBXSourcesBuildPhase section */
		94CE941E2BB2C87B00E3881B /* Sources */ = {
			isa = PBXSourcesBuildPhase;
			buildActionMask = 2147483647;
			files = (
				94CE942A2BB2C87B00E3881B /* HomeViewController.swift in Sources */,
				94CE94262BB2C87B00E3881B /* AppDelegate.swift in Sources */,
				94CE94282BB2C87B00E3881B /* SceneDelegate.swift in Sources */,
			);
			runOnlyForDeploymentPostprocessing = 0;
		};
/* End PBXSourcesBuildPhase section */

/* Begin PBXVariantGroup section */
		94CE942B2BB2C87B00E3881B /* HomeView.storyboard */ = {
			isa = PBXVariantGroup;
			children = (
				94CE942C2BB2C87B00E3881B /* Base */,
			);
			name = HomeView.storyboard;
			sourceTree = "<group>";
		};
		94CE94302BB2C87D00E3881B /* LaunchScreen.storyboard */ = {
			isa = PBXVariantGroup;
			children = (
				94CE94312BB2C87D00E3881B /* Base */,
			);
			name = LaunchScreen.storyboard;
			sourceTree = "<group>";
		};
/* End PBXVariantGroup section */

/* Begin XCBuildConfiguration section */
		94CE94342BB2C87D00E3881B /* Debug */ = {
			isa = XCBuildConfiguration;
			buildSettings = {
				ALWAYS_SEARCH_USER_PATHS = NO;
				ASSETCATALOG_COMPILER_GENERATE_SWIFT_ASSET_SYMBOL_EXTENSIONS = YES;
				CLANG_ANALYZER_NONNULL = YES;
				CLANG_ANALYZER_NUMBER_OBJECT_CONVERSION = YES_AGGRESSIVE;
				CLANG_CXX_LANGUAGE_STANDARD = "gnu++20";
				CLANG_ENABLE_MODULES = YES;
				CLANG_ENABLE_OBJC_ARC = YES;
				CLANG_ENABLE_OBJC_WEAK = YES;
				CLANG_WARN_BLOCK_CAPTURE_AUTORELEASING = YES;
				CLANG_WARN_BOOL_CONVERSION = YES;
				CLANG_WARN_COMMA = YES;
				CLANG_WARN_CONSTANT_CONVERSION = YES;
				CLANG_WARN_DEPRECATED_OBJC_IMPLEMENTATIONS = YES;
				CLANG_WARN_DIRECT_OBJC_ISA_USAGE = YES_ERROR;
				CLANG_WARN_DOCUMENTATION_COMMENTS = YES;
				CLANG_WARN_EMPTY_BODY = YES;
				CLANG_WARN_ENUM_CONVERSION = YES;
				CLANG_WARN_INFINITE_RECURSION = YES;
				CLANG_WARN_INT_CONVERSION = YES;
				CLANG_WARN_NON_LITERAL_NULL_CONVERSION = YES;
				CLANG_WARN_OBJC_IMPLICIT_RETAIN_SELF = YES;
				CLANG_WARN_OBJC_LITERAL_CONVERSION = YES;
				CLANG_WARN_OBJC_ROOT_CLASS = YES_ERROR;
				CLANG_WARN_QUOTED_INCLUDE_IN_FRAMEWORK_HEADER = YES;
				CLANG_WARN_RANGE_LOOP_ANALYSIS = YES;
				CLANG_WARN_STRICT_PROTOTYPES = YES;
				CLANG_WARN_SUSPICIOUS_MOVE = YES;
				CLANG_WARN_UNGUARDED_AVAILABILITY = YES_AGGRESSIVE;
				CLANG_WARN_UNREACHABLE_CODE = YES;
				CLANG_WARN__DUPLICATE_METHOD_MATCH = YES;
				COPY_PHASE_STRIP = NO;
				DEBUG_INFORMATION_FORMAT = dwarf;
				ENABLE_STRICT_OBJC_MSGSEND = YES;
				ENABLE_TESTABILITY = YES;
				ENABLE_USER_SCRIPT_SANDBOXING = YES;
				GCC_C_LANGUAGE_STANDARD = gnu17;
				GCC_DYNAMIC_NO_PIC = NO;
				GCC_NO_COMMON_BLOCKS = YES;
				GCC_OPTIMIZATION_LEVEL = 0;
				GCC_PREPROCESSOR_DEFINITIONS = (
					"DEBUG=1",
					"$(inherited)",
				);
				GCC_WARN_64_TO_32_BIT_CONVERSION = YES;
				GCC_WARN_ABOUT_RETURN_TYPE = YES_ERROR;
				GCC_WARN_UNDECLARED_SELECTOR = YES;
				GCC_WARN_UNINITIALIZED_AUTOS = YES_AGGRESSIVE;
				GCC_WARN_UNUSED_FUNCTION = YES;
				GCC_WARN_UNUSED_VARIABLE = YES;
				IPHONEOS_DEPLOYMENT_TARGET = 17.2;
				LOCALIZATION_PREFERS_STRING_CATALOGS = YES;
				MTL_ENABLE_DEBUG_INFO = INCLUDE_SOURCE;
				MTL_FAST_MATH = YES;
				ONLY_ACTIVE_ARCH = YES;
				SDKROOT = iphoneos;
				SWIFT_ACTIVE_COMPILATION_CONDITIONS = "DEBUG $(inherited)";
				SWIFT_OPTIMIZATION_LEVEL = "-Onone";
			};
			name = Debug;
		};
		94CE94352BB2C87D00E3881B /* Release */ = {
			isa = XCBuildConfiguration;
			buildSettings = {
				ALWAYS_SEARCH_USER_PATHS = NO;
				ASSETCATALOG_COMPILER_GENERATE_SWIFT_ASSET_SYMBOL_EXTENSIONS = YES;
				CLANG_ANALYZER_NONNULL = YES;
				CLANG_ANALYZER_NUMBER_OBJECT_CONVERSION = YES_AGGRESSIVE;
				CLANG_CXX_LANGUAGE_STANDARD = "gnu++20";
				CLANG_ENABLE_MODULES = YES;
				CLANG_ENABLE_OBJC_ARC = YES;
				CLANG_ENABLE_OBJC_WEAK = YES;
				CLANG_WARN_BLOCK_CAPTURE_AUTORELEASING = YES;
				CLANG_WARN_BOOL_CONVERSION = YES;
				CLANG_WARN_COMMA = YES;
				CLANG_WARN_CONSTANT_CONVERSION = YES;
				CLANG_WARN_DEPRECATED_OBJC_IMPLEMENTATIONS = YES;
				CLANG_WARN_DIRECT_OBJC_ISA_USAGE = YES_ERROR;
				CLANG_WARN_DOCUMENTATION_COMMENTS = YES;
				CLANG_WARN_EMPTY_BODY = YES;
				CLANG_WARN_ENUM_CONVERSION = YES;
				CLANG_WARN_INFINITE_RECURSION = YES;
				CLANG_WARN_INT_CONVERSION = YES;
				CLANG_WARN_NON_LITERAL_NULL_CONVERSION = YES;
				CLANG_WARN_OBJC_IMPLICIT_RETAIN_SELF = YES;
				CLANG_WARN_OBJC_LITERAL_CONVERSION = YES;
				CLANG_WARN_OBJC_ROOT_CLASS = YES_ERROR;
				CLANG_WARN_QUOTED_INCLUDE_IN_FRAMEWORK_HEADER = YES;
				CLANG_WARN_RANGE_LOOP_ANALYSIS = YES;
				CLANG_WARN_STRICT_PROTOTYPES = YES;
				CLANG_WARN_SUSPICIOUS_MOVE = YES;
				CLANG_WARN_UNGUARDED_AVAILABILITY = YES_AGGRESSIVE;
				CLANG_WARN_UNREACHABLE_CODE = YES;
				CLANG_WARN__DUPLICATE_METHOD_MATCH = YES;
				COPY_PHASE_STRIP = NO;
				DEBUG_INFORMATION_FORMAT = "dwarf-with-dsym";
				ENABLE_NS_ASSERTIONS = NO;
				ENABLE_STRICT_OBJC_MSGSEND = YES;
				ENABLE_USER_SCRIPT_SANDBOXING = YES;
				GCC_C_LANGUAGE_STANDARD = gnu17;
				GCC_NO_COMMON_BLOCKS = YES;
				GCC_WARN_64_TO_32_BIT_CONVERSION = YES;
				GCC_WARN_ABOUT_RETURN_TYPE = YES_ERROR;
				GCC_WARN_UNDECLARED_SELECTOR = YES;
				GCC_WARN_UNINITIALIZED_AUTOS = YES_AGGRESSIVE;
				GCC_WARN_UNUSED_FUNCTION = YES;
				GCC_WARN_UNUSED_VARIABLE = YES;
				IPHONEOS_DEPLOYMENT_TARGET = 17.2;
				LOCALIZATION_PREFERS_STRING_CATALOGS = YES;
				MTL_ENABLE_DEBUG_INFO = NO;
				MTL_FAST_MATH = YES;
				SDKROOT = iphoneos;
				SWIFT_COMPILATION_MODE = wholemodule;
				VALIDATE_PRODUCT = YES;
			};
			name = Release;
		};
		94CE94372BB2C87D00E3881B /* Debug */ = {
			isa = XCBuildConfiguration;
			buildSettings = {
				ASSETCATALOG_COMPILER_APPICON_NAME = AppIcon;
				ASSETCATALOG_COMPILER_GLOBAL_ACCENT_COLOR_NAME = AccentColor;
				CODE_SIGN_STYLE = Automatic;
				CURRENT_PROJECT_VERSION = 1;
				GENERATE_INFOPLIST_FILE = YES;
				INFOPLIST_FILE = ReactiveSwiftPractice/Info.plist;
				INFOPLIST_KEY_UIApplicationSupportsIndirectInputEvents = YES;
				INFOPLIST_KEY_UILaunchStoryboardName = LaunchScreen;
				INFOPLIST_KEY_UIMainStoryboardFile = HomeView;
				INFOPLIST_KEY_UISupportedInterfaceOrientations_iPad = "UIInterfaceOrientationPortrait UIInterfaceOrientationPortraitUpsideDown UIInterfaceOrientationLandscapeLeft UIInterfaceOrientationLandscapeRight";
				INFOPLIST_KEY_UISupportedInterfaceOrientations_iPhone = "UIInterfaceOrientationPortrait UIInterfaceOrientationLandscapeLeft UIInterfaceOrientationLandscapeRight";
				LD_RUNPATH_SEARCH_PATHS = (
					"$(inherited)",
					"@executable_path/Frameworks",
				);
				MARKETING_VERSION = 1.0;
				PRODUCT_BUNDLE_IDENTIFIER = jp.kyulee.ReactiveSwiftPractice;
				PRODUCT_NAME = "$(TARGET_NAME)";
				SWIFT_EMIT_LOC_STRINGS = YES;
				SWIFT_VERSION = 5.0;
				TARGETED_DEVICE_FAMILY = "1,2";
			};
			name = Debug;
		};
		94CE94382BB2C87D00E3881B /* Release */ = {
			isa = XCBuildConfiguration;
			buildSettings = {
				ASSETCATALOG_COMPILER_APPICON_NAME = AppIcon;
				ASSETCATALOG_COMPILER_GLOBAL_ACCENT_COLOR_NAME = AccentColor;
				CODE_SIGN_STYLE = Automatic;
				CURRENT_PROJECT_VERSION = 1;
				GENERATE_INFOPLIST_FILE = YES;
				INFOPLIST_FILE = ReactiveSwiftPractice/Info.plist;
				INFOPLIST_KEY_UIApplicationSupportsIndirectInputEvents = YES;
				INFOPLIST_KEY_UILaunchStoryboardName = LaunchScreen;
				INFOPLIST_KEY_UIMainStoryboardFile = HomeView;
				INFOPLIST_KEY_UISupportedInterfaceOrientations_iPad = "UIInterfaceOrientationPortrait UIInterfaceOrientationPortraitUpsideDown UIInterfaceOrientationLandscapeLeft UIInterfaceOrientationLandscapeRight";
				INFOPLIST_KEY_UISupportedInterfaceOrientations_iPhone = "UIInterfaceOrientationPortrait UIInterfaceOrientationLandscapeLeft UIInterfaceOrientationLandscapeRight";
				LD_RUNPATH_SEARCH_PATHS = (
					"$(inherited)",
					"@executable_path/Frameworks",
				);
				MARKETING_VERSION = 1.0;
				PRODUCT_BUNDLE_IDENTIFIER = jp.kyulee.ReactiveSwiftPractice;
				PRODUCT_NAME = "$(TARGET_NAME)";
				SWIFT_EMIT_LOC_STRINGS = YES;
				SWIFT_VERSION = 5.0;
				TARGETED_DEVICE_FAMILY = "1,2";
			};
			name = Release;
		};
/* End XCBuildConfiguration section */

/* Begin XCConfigurationList section */
		94CE941D2BB2C87B00E3881B /* Build configuration list for PBXProject "ReactiveSwiftPractice" */ = {
			isa = XCConfigurationList;
			buildConfigurations = (
				94CE94342BB2C87D00E3881B /* Debug */,
				94CE94352BB2C87D00E3881B /* Release */,
			);
			defaultConfigurationIsVisible = 0;
			defaultConfigurationName = Release;
		};
		94CE94362BB2C87D00E3881B /* Build configuration list for PBXNativeTarget "ReactiveSwiftPractice" */ = {
			isa = XCConfigurationList;
			buildConfigurations = (
				94CE94372BB2C87D00E3881B /* Debug */,
				94CE94382BB2C87D00E3881B /* Release */,
			);
			defaultConfigurationIsVisible = 0;
			defaultConfigurationName = Release;
		};
/* End XCConfigurationList section */
	};
	rootObject = 94CE941A2BB2C87B00E3881B /* Project object */;
}
